// !$*UTF8*$!
{
	archiveVersion = 1;
	classes = {
	};
	objectVersion = 50;
	objects = {

/* Begin PBXBuildFile section */
		D012A72825639B8F0025A74E /* StarWars_ClockApp.swift in Sources */ = {isa = PBXBuildFile; fileRef = D012A72725639B8F0025A74E /* StarWars_ClockApp.swift */; };
		D012A72A25639B8F0025A74E /* MainClockView.swift in Sources */ = {isa = PBXBuildFile; fileRef = D012A72925639B8F0025A74E /* MainClockView.swift */; };
		D012A72C25639B920025A74E /* Assets.xcassets in Resources */ = {isa = PBXBuildFile; fileRef = D012A72B25639B920025A74E /* Assets.xcassets */; };
		D012A72F25639B920025A74E /* Preview Assets.xcassets in Resources */ = {isa = PBXBuildFile; fileRef = D012A72E25639B920025A74E /* Preview Assets.xcassets */; };
		D012A73F25647CCC0025A74E /* WidgetKit.framework in Frameworks */ = {isa = PBXBuildFile; fileRef = D012A73E25647CCC0025A74E /* WidgetKit.framework */; };
		D012A74125647CCC0025A74E /* SwiftUI.framework in Frameworks */ = {isa = PBXBuildFile; fileRef = D012A74025647CCC0025A74E /* SwiftUI.framework */; };
		D012A74425647CCC0025A74E /* StarWars_Clock_Widget.swift in Sources */ = {isa = PBXBuildFile; fileRef = D012A74325647CCC0025A74E /* StarWars_Clock_Widget.swift */; };
		D012A74725647CCE0025A74E /* Assets.xcassets in Resources */ = {isa = PBXBuildFile; fileRef = D012A74625647CCE0025A74E /* Assets.xcassets */; };
		D012A74925647CCE0025A74E /* StarWars_Clock_Widget.intentdefinition in Sources */ = {isa = PBXBuildFile; fileRef = D012A74525647CCC0025A74E /* StarWars_Clock_Widget.intentdefinition */; };
		D012A74A25647CCE0025A74E /* StarWars_Clock_Widget.intentdefinition in Sources */ = {isa = PBXBuildFile; fileRef = D012A74525647CCC0025A74E /* StarWars_Clock_Widget.intentdefinition */; };
		D012A74D25647CCE0025A74E /* StarWars_Clock_WidgetExtension.appex in Embed App Extensions */ = {isa = PBXBuildFile; fileRef = D012A73C25647CCC0025A74E /* StarWars_Clock_WidgetExtension.appex */; settings = {ATTRIBUTES = (RemoveHeadersOnCopy, ); }; };
/* End PBXBuildFile section */

/* Begin PBXContainerItemProxy section */
		D012A74B25647CCE0025A74E /* PBXContainerItemProxy */ = {
			isa = PBXContainerItemProxy;
			containerPortal = D012A71C25639B8F0025A74E /* Project object */;
			proxyType = 1;
			remoteGlobalIDString = D012A73B25647CCC0025A74E;
			remoteInfo = StarWars_Clock_WidgetExtension;
		};
/* End PBXContainerItemProxy section */

/* Begin PBXCopyFilesBuildPhase section */
		D012A74E25647CCE0025A74E /* Embed App Extensions */ = {
			isa = PBXCopyFilesBuildPhase;
			buildActionMask = 2147483647;
			dstPath = "";
			dstSubfolderSpec = 13;
			files = (
				D012A74D25647CCE0025A74E /* StarWars_Clock_WidgetExtension.appex in Embed App Extensions */,
			);
			name = "Embed App Extensions";
			runOnlyForDeploymentPostprocessing = 0;
		};
/* End PBXCopyFilesBuildPhase section */

/* Begin PBXFileReference section */
		D012A72425639B8F0025A74E /* StarWars_Clock.app */ = {isa = PBXFileReference; explicitFileType = wrapper.application; includeInIndex = 0; path = StarWars_Clock.app; sourceTree = BUILT_PRODUCTS_DIR; };
		D012A72725639B8F0025A74E /* StarWars_ClockApp.swift */ = {isa = PBXFileReference; lastKnownFileType = sourcecode.swift; path = StarWars_ClockApp.swift; sourceTree = "<group>"; };
		D012A72925639B8F0025A74E /* MainClockView.swift */ = {isa = PBXFileReference; lastKnownFileType = sourcecode.swift; path = MainClockView.swift; sourceTree = "<group>"; };
		D012A72B25639B920025A74E /* Assets.xcassets */ = {isa = PBXFileReference; lastKnownFileType = folder.assetcatalog; path = Assets.xcassets; sourceTree = "<group>"; };
		D012A72E25639B920025A74E /* Preview Assets.xcassets */ = {isa = PBXFileReference; lastKnownFileType = folder.assetcatalog; path = "Preview Assets.xcassets"; sourceTree = "<group>"; };
		D012A73025639B920025A74E /* Info.plist */ = {isa = PBXFileReference; lastKnownFileType = text.plist.xml; path = Info.plist; sourceTree = "<group>"; };
		D012A73C25647CCC0025A74E /* StarWars_Clock_WidgetExtension.appex */ = {isa = PBXFileReference; explicitFileType = "wrapper.app-extension"; includeInIndex = 0; path = StarWars_Clock_WidgetExtension.appex; sourceTree = BUILT_PRODUCTS_DIR; };
		D012A73E25647CCC0025A74E /* WidgetKit.framework */ = {isa = PBXFileReference; lastKnownFileType = wrapper.framework; name = WidgetKit.framework; path = System/Library/Frameworks/WidgetKit.framework; sourceTree = SDKROOT; };
		D012A74025647CCC0025A74E /* SwiftUI.framework */ = {isa = PBXFileReference; lastKnownFileType = wrapper.framework; name = SwiftUI.framework; path = System/Library/Frameworks/SwiftUI.framework; sourceTree = SDKROOT; };
		D012A74325647CCC0025A74E /* StarWars_Clock_Widget.swift */ = {isa = PBXFileReference; lastKnownFileType = sourcecode.swift; path = StarWars_Clock_Widget.swift; sourceTree = "<group>"; };
		D012A74525647CCC0025A74E /* StarWars_Clock_Widget.intentdefinition */ = {isa = PBXFileReference; lastKnownFileType = file.intentdefinition; path = StarWars_Clock_Widget.intentdefinition; sourceTree = "<group>"; };
		D012A74625647CCE0025A74E /* Assets.xcassets */ = {isa = PBXFileReference; lastKnownFileType = folder.assetcatalog; path = Assets.xcassets; sourceTree = "<group>"; };
		D012A74825647CCE0025A74E /* Info.plist */ = {isa = PBXFileReference; lastKnownFileType = text.plist.xml; path = Info.plist; sourceTree = "<group>"; };
/* End PBXFileReference section */

/* Begin PBXFrameworksBuildPhase section */
		D012A72125639B8F0025A74E /* Frameworks */ = {
			isa = PBXFrameworksBuildPhase;
			buildActionMask = 2147483647;
			files = (
			);
			runOnlyForDeploymentPostprocessing = 0;
		};
		D012A73925647CCC0025A74E /* Frameworks */ = {
			isa = PBXFrameworksBuildPhase;
			buildActionMask = 2147483647;
			files = (
				D012A74125647CCC0025A74E /* SwiftUI.framework in Frameworks */,
				D012A73F25647CCC0025A74E /* WidgetKit.framework in Frameworks */,
			);
			runOnlyForDeploymentPostprocessing = 0;
		};
/* End PBXFrameworksBuildPhase section */

/* Begin PBXGroup section */
		D012A71B25639B8F0025A74E = {
			isa = PBXGroup;
			children = (
				D012A72625639B8F0025A74E /* StarWars_Clock */,
				D012A74225647CCC0025A74E /* StarWars_Clock_Widget */,
				D012A73D25647CCC0025A74E /* Frameworks */,
				D012A72525639B8F0025A74E /* Products */,
			);
			sourceTree = "<group>";
		};
		D012A72525639B8F0025A74E /* Products */ = {
			isa = PBXGroup;
			children = (
				D012A72425639B8F0025A74E /* StarWars_Clock.app */,
				D012A73C25647CCC0025A74E /* StarWars_Clock_WidgetExtension.appex */,
			);
			name = Products;
			sourceTree = "<group>";
		};
		D012A72625639B8F0025A74E /* StarWars_Clock */ = {
			isa = PBXGroup;
			children = (
				D012A72725639B8F0025A74E /* StarWars_ClockApp.swift */,
				D012A72925639B8F0025A74E /* MainClockView.swift */,
				D012A72B25639B920025A74E /* Assets.xcassets */,
				D012A73025639B920025A74E /* Info.plist */,
				D012A72D25639B920025A74E /* Preview Content */,
			);
			path = StarWars_Clock;
			sourceTree = "<group>";
		};
		D012A72D25639B920025A74E /* Preview Content */ = {
			isa = PBXGroup;
			children = (
				D012A72E25639B920025A74E /* Preview Assets.xcassets */,
			);
			path = "Preview Content";
			sourceTree = "<group>";
		};
		D012A73D25647CCC0025A74E /* Frameworks */ = {
			isa = PBXGroup;
			children = (
				D012A73E25647CCC0025A74E /* WidgetKit.framework */,
				D012A74025647CCC0025A74E /* SwiftUI.framework */,
			);
			name = Frameworks;
			sourceTree = "<group>";
		};
		D012A74225647CCC0025A74E /* StarWars_Clock_Widget */ = {
			isa = PBXGroup;
			children = (
				D012A74325647CCC0025A74E /* StarWars_Clock_Widget.swift */,
				D012A74525647CCC0025A74E /* StarWars_Clock_Widget.intentdefinition */,
				D012A74625647CCE0025A74E /* Assets.xcassets */,
				D012A74825647CCE0025A74E /* Info.plist */,
			);
			path = StarWars_Clock_Widget;
			sourceTree = "<group>";
		};
/* End PBXGroup section */

/* Begin PBXNativeTarget section */
		D012A72325639B8F0025A74E /* StarWars_Clock */ = {
			isa = PBXNativeTarget;
			buildConfigurationList = D012A73325639B920025A74E /* Build configuration list for PBXNativeTarget "StarWars_Clock" */;
			buildPhases = (
				D012A72025639B8F0025A74E /* Sources */,
				D012A72125639B8F0025A74E /* Frameworks */,
				D012A72225639B8F0025A74E /* Resources */,
				D012A74E25647CCE0025A74E /* Embed App Extensions */,
			);
			buildRules = (
			);
			dependencies = (
				D012A74C25647CCE0025A74E /* PBXTargetDependency */,
			);
			name = StarWars_Clock;
			productName = StarWars_Clock;
			productReference = D012A72425639B8F0025A74E /* StarWars_Clock.app */;
			productType = "com.apple.product-type.application";
		};
		D012A73B25647CCC0025A74E /* StarWars_Clock_WidgetExtension */ = {
			isa = PBXNativeTarget;
			buildConfigurationList = D012A75125647CCE0025A74E /* Build configuration list for PBXNativeTarget "StarWars_Clock_WidgetExtension" */;
			buildPhases = (
				D012A73825647CCC0025A74E /* Sources */,
				D012A73925647CCC0025A74E /* Frameworks */,
				D012A73A25647CCC0025A74E /* Resources */,
			);
			buildRules = (
			);
			dependencies = (
			);
			name = StarWars_Clock_WidgetExtension;
			productName = StarWars_Clock_WidgetExtension;
			productReference = D012A73C25647CCC0025A74E /* StarWars_Clock_WidgetExtension.appex */;
			productType = "com.apple.product-type.app-extension";
		};
/* End PBXNativeTarget section */

/* Begin PBXProject section */
		D012A71C25639B8F0025A74E /* Project object */ = {
			isa = PBXProject;
			attributes = {
				LastSwiftUpdateCheck = 1220;
				LastUpgradeCheck = 1220;
				TargetAttributes = {
					D012A72325639B8F0025A74E = {
						CreatedOnToolsVersion = 12.2;
					};
					D012A73B25647CCC0025A74E = {
						CreatedOnToolsVersion = 12.2;
					};
				};
			};
			buildConfigurationList = D012A71F25639B8F0025A74E /* Build configuration list for PBXProject "StarWars_Clock" */;
			compatibilityVersion = "Xcode 9.3";
			developmentRegion = en;
			hasScannedForEncodings = 0;
			knownRegions = (
				en,
				Base,
			);
			mainGroup = D012A71B25639B8F0025A74E;
			productRefGroup = D012A72525639B8F0025A74E /* Products */;
			projectDirPath = "";
			projectRoot = "";
			targets = (
				D012A72325639B8F0025A74E /* StarWars_Clock */,
				D012A73B25647CCC0025A74E /* StarWars_Clock_WidgetExtension */,
			);
		};
/* End PBXProject section */

/* Begin PBXResourcesBuildPhase section */
		D012A72225639B8F0025A74E /* Resources */ = {
			isa = PBXResourcesBuildPhase;
			buildActionMask = 2147483647;
			files = (
				D012A72F25639B920025A74E /* Preview Assets.xcassets in Resources */,
				D012A72C25639B920025A74E /* Assets.xcassets in Resources */,
			);
			runOnlyForDeploymentPostprocessing = 0;
		};
		D012A73A25647CCC0025A74E /* Resources */ = {
			isa = PBXResourcesBuildPhase;
			buildActionMask = 2147483647;
			files = (
				D012A74725647CCE0025A74E /* Assets.xcassets in Resources */,
			);
			runOnlyForDeploymentPostprocessing = 0;
		};
/* End PBXResourcesBuildPhase section */

/* Begin PBXSourcesBuildPhase section */
		D012A72025639B8F0025A74E /* Sources */ = {
			isa = PBXSourcesBuildPhase;
			buildActionMask = 2147483647;
			files = (
				D012A72A25639B8F0025A74E /* MainClockView.swift in Sources */,
				D012A74A25647CCE0025A74E /* StarWars_Clock_Widget.intentdefinition in Sources */,
				D012A72825639B8F0025A74E /* StarWars_ClockApp.swift in Sources */,
			);
			runOnlyForDeploymentPostprocessing = 0;
		};
		D012A73825647CCC0025A74E /* Sources */ = {
			isa = PBXSourcesBuildPhase;
			buildActionMask = 2147483647;
			files = (
				D012A74925647CCE0025A74E /* StarWars_Clock_Widget.intentdefinition in Sources */,
				D012A74425647CCC0025A74E /* StarWars_Clock_Widget.swift in Sources */,
			);
			runOnlyForDeploymentPostprocessing = 0;
		};
/* End PBXSourcesBuildPhase section */

/* Begin PBXTargetDependency section */
		D012A74C25647CCE0025A74E /* PBXTargetDependency */ = {
			isa = PBXTargetDependency;
			target = D012A73B25647CCC0025A74E /* StarWars_Clock_WidgetExtension */;
			targetProxy = D012A74B25647CCE0025A74E /* PBXContainerItemProxy */;
		};
/* End PBXTargetDependency section */

/* Begin XCBuildConfiguration section */
		D012A73125639B920025A74E /* Debug */ = {
			isa = XCBuildConfiguration;
			buildSettings = {
				ALWAYS_SEARCH_USER_PATHS = NO;
				CLANG_ANALYZER_NONNULL = YES;
				CLANG_ANALYZER_NUMBER_OBJECT_CONVERSION = YES_AGGRESSIVE;
				CLANG_CXX_LANGUAGE_STANDARD = "gnu++14";
				CLANG_CXX_LIBRARY = "libc++";
				CLANG_ENABLE_MODULES = YES;
				CLANG_ENABLE_OBJC_ARC = YES;
				CLANG_ENABLE_OBJC_WEAK = YES;
				CLANG_WARN_BLOCK_CAPTURE_AUTORELEASING = YES;
				CLANG_WARN_BOOL_CONVERSION = YES;
				CLANG_WARN_COMMA = YES;
				CLANG_WARN_CONSTANT_CONVERSION = YES;
				CLANG_WARN_DEPRECATED_OBJC_IMPLEMENTATIONS = YES;
				CLANG_WARN_DIRECT_OBJC_ISA_USAGE = YES_ERROR;
				CLANG_WARN_DOCUMENTATION_COMMENTS = YES;
				CLANG_WARN_EMPTY_BODY = YES;
				CLANG_WARN_ENUM_CONVERSION = YES;
				CLANG_WARN_INFINITE_RECURSION = YES;
				CLANG_WARN_INT_CONVERSION = YES;
				CLANG_WARN_NON_LITERAL_NULL_CONVERSION = YES;
				CLANG_WARN_OBJC_IMPLICIT_RETAIN_SELF = YES;
				CLANG_WARN_OBJC_LITERAL_CONVERSION = YES;
				CLANG_WARN_OBJC_ROOT_CLASS = YES_ERROR;
				CLANG_WARN_QUOTED_INCLUDE_IN_FRAMEWORK_HEADER = YES;
				CLANG_WARN_RANGE_LOOP_ANALYSIS = YES;
				CLANG_WARN_STRICT_PROTOTYPES = YES;
				CLANG_WARN_SUSPICIOUS_MOVE = YES;
				CLANG_WARN_UNGUARDED_AVAILABILITY = YES_AGGRESSIVE;
				CLANG_WARN_UNREACHABLE_CODE = YES;
				CLANG_WARN__DUPLICATE_METHOD_MATCH = YES;
				COPY_PHASE_STRIP = NO;
				DEBUG_INFORMATION_FORMAT = dwarf;
				ENABLE_STRICT_OBJC_MSGSEND = YES;
				ENABLE_TESTABILITY = YES;
				GCC_C_LANGUAGE_STANDARD = gnu11;
				GCC_DYNAMIC_NO_PIC = NO;
				GCC_NO_COMMON_BLOCKS = YES;
				GCC_OPTIMIZATION_LEVEL = 0;
				GCC_PREPROCESSOR_DEFINITIONS = (
					"DEBUG=1",
					"$(inherited)",
				);
				GCC_WARN_64_TO_32_BIT_CONVERSION = YES;
				GCC_WARN_ABOUT_RETURN_TYPE = YES_ERROR;
				GCC_WARN_UNDECLARED_SELECTOR = YES;
				GCC_WARN_UNINITIALIZED_AUTOS = YES_AGGRESSIVE;
				GCC_WARN_UNUSED_FUNCTION = YES;
				GCC_WARN_UNUSED_VARIABLE = YES;
				IPHONEOS_DEPLOYMENT_TARGET = 14.2;
				MTL_ENABLE_DEBUG_INFO = INCLUDE_SOURCE;
				MTL_FAST_MATH = YES;
				ONLY_ACTIVE_ARCH = YES;
				SDKROOT = iphoneos;
				SWIFT_ACTIVE_COMPILATION_CONDITIONS = DEBUG;
				SWIFT_OPTIMIZATION_LEVEL = "-Onone";
			};
			name = Debug;
		};
		D012A73225639B920025A74E /* Release */ = {
			isa = XCBuildConfiguration;
			buildSettings = {
				ALWAYS_SEARCH_USER_PATHS = NO;
				CLANG_ANALYZER_NONNULL = YES;
				CLANG_ANALYZER_NUMBER_OBJECT_CONVERSION = YES_AGGRESSIVE;
				CLANG_CXX_LANGUAGE_STANDARD = "gnu++14";
				CLANG_CXX_LIBRARY = "libc++";
				CLANG_ENABLE_MODULES = YES;
				CLANG_ENABLE_OBJC_ARC = YES;
				CLANG_ENABLE_OBJC_WEAK = YES;
				CLANG_WARN_BLOCK_CAPTURE_AUTORELEASING = YES;
				CLANG_WARN_BOOL_CONVERSION = YES;
				CLANG_WARN_COMMA = YES;
				CLANG_WARN_CONSTANT_CONVERSION = YES;
				CLANG_WARN_DEPRECATED_OBJC_IMPLEMENTATIONS = YES;
				CLANG_WARN_DIRECT_OBJC_ISA_USAGE = YES_ERROR;
				CLANG_WARN_DOCUMENTATION_COMMENTS = YES;
				CLANG_WARN_EMPTY_BODY = YES;
				CLANG_WARN_ENUM_CONVERSION = YES;
				CLANG_WARN_INFINITE_RECURSION = YES;
				CLANG_WARN_INT_CONVERSION = YES;
				CLANG_WARN_NON_LITERAL_NULL_CONVERSION = YES;
				CLANG_WARN_OBJC_IMPLICIT_RETAIN_SELF = YES;
				CLANG_WARN_OBJC_LITERAL_CONVERSION = YES;
				CLANG_WARN_OBJC_ROOT_CLASS = YES_ERROR;
				CLANG_WARN_QUOTED_INCLUDE_IN_FRAMEWORK_HEADER = YES;
				CLANG_WARN_RANGE_LOOP_ANALYSIS = YES;
				CLANG_WARN_STRICT_PROTOTYPES = YES;
				CLANG_WARN_SUSPICIOUS_MOVE = YES;
				CLANG_WARN_UNGUARDED_AVAILABILITY = YES_AGGRESSIVE;
				CLANG_WARN_UNREACHABLE_CODE = YES;
				CLANG_WARN__DUPLICATE_METHOD_MATCH = YES;
				COPY_PHASE_STRIP = NO;
				DEBUG_INFORMATION_FORMAT = "dwarf-with-dsym";
				ENABLE_NS_ASSERTIONS = NO;
				ENABLE_STRICT_OBJC_MSGSEND = YES;
				GCC_C_LANGUAGE_STANDARD = gnu11;
				GCC_NO_COMMON_BLOCKS = YES;
				GCC_WARN_64_TO_32_BIT_CONVERSION = YES;
				GCC_WARN_ABOUT_RETURN_TYPE = YES_ERROR;
				GCC_WARN_UNDECLARED_SELECTOR = YES;
				GCC_WARN_UNINITIALIZED_AUTOS = YES_AGGRESSIVE;
				GCC_WARN_UNUSED_FUNCTION = YES;
				GCC_WARN_UNUSED_VARIABLE = YES;
				IPHONEOS_DEPLOYMENT_TARGET = 14.2;
				MTL_ENABLE_DEBUG_INFO = NO;
				MTL_FAST_MATH = YES;
				SDKROOT = iphoneos;
				SWIFT_COMPILATION_MODE = wholemodule;
				SWIFT_OPTIMIZATION_LEVEL = "-O";
				VALIDATE_PRODUCT = YES;
			};
			name = Release;
		};
		D012A73425639B920025A74E /* Debug */ = {
			isa = XCBuildConfiguration;
			buildSettings = {
				ALWAYS_EMBED_SWIFT_STANDARD_LIBRARIES = YES;
				ASSETCATALOG_COMPILER_APPICON_NAME = AppIcon;
				ASSETCATALOG_COMPILER_GLOBAL_ACCENT_COLOR_NAME = AccentColor;
				CODE_SIGN_STYLE = Automatic;
				DEVELOPMENT_ASSET_PATHS = "\"StarWars_Clock/Preview Content\"";
				DEVELOPMENT_TEAM = 6257XTCRBF;
				ENABLE_PREVIEWS = YES;
				INFOPLIST_FILE = StarWars_Clock/Info.plist;
				IPHONEOS_DEPLOYMENT_TARGET = 14.0;
				LD_RUNPATH_SEARCH_PATHS = (
					"$(inherited)",
					"@executable_path/Frameworks",
				);
				PRODUCT_BUNDLE_IDENTIFIER = "com.Alphonso.Sensley.StarWars-Clock";
				PRODUCT_NAME = "$(TARGET_NAME)";
				SWIFT_VERSION = 5.0;
				TARGETED_DEVICE_FAMILY = "1,2";
			};
			name = Debug;
		};
		D012A73525639B920025A74E /* Release */ = {
			isa = XCBuildConfiguration;
			buildSettings = {
				ALWAYS_EMBED_SWIFT_STANDARD_LIBRARIES = YES;
				ASSETCATALOG_COMPILER_APPICON_NAME = AppIcon;
				ASSETCATALOG_COMPILER_GLOBAL_ACCENT_COLOR_NAME = AccentColor;
				CODE_SIGN_STYLE = Automatic;
				DEVELOPMENT_ASSET_PATHS = "\"StarWars_Clock/Preview Content\"";
				DEVELOPMENT_TEAM = 6257XTCRBF;
				ENABLE_PREVIEWS = YES;
				INFOPLIST_FILE = StarWars_Clock/Info.plist;
				IPHONEOS_DEPLOYMENT_TARGET = 14.0;
				LD_RUNPATH_SEARCH_PATHS = (
					"$(inherited)",
					"@executable_path/Frameworks",
				);
				PRODUCT_BUNDLE_IDENTIFIER = "com.Alphonso.Sensley.StarWars-Clock";
				PRODUCT_NAME = "$(TARGET_NAME)";
				SWIFT_VERSION = 5.0;
				TARGETED_DEVICE_FAMILY = "1,2";
			};
			name = Release;
		};
		D012A74F25647CCE0025A74E /* Debug */ = {
			isa = XCBuildConfiguration;
			buildSettings = {
				ASSETCATALOG_COMPILER_GLOBAL_ACCENT_COLOR_NAME = AccentColor;
				ASSETCATALOG_COMPILER_WIDGET_BACKGROUND_COLOR_NAME = WidgetBackground;
				CODE_SIGN_STYLE = Automatic;
				DEVELOPMENT_TEAM = 6257XTCRBF;
				INFOPLIST_FILE = StarWars_Clock_Widget/Info.plist;
				LD_RUNPATH_SEARCH_PATHS = (
					"$(inherited)",
					"@executable_path/Frameworks",
					"@executable_path/../../Frameworks",
				);
				PRODUCT_BUNDLE_IDENTIFIER = "com.Alphonso.Sensley.StarWars-Clock.StarWars-Clock-Widget";
				PRODUCT_NAME = "$(TARGET_NAME)";
				SKIP_INSTALL = YES;
				SWIFT_VERSION = 5.0;
				TARGETED_DEVICE_FAMILY = "1,2";
			};
			name = Debug;
		};
		D012A75025647CCE0025A74E /* Release */ = {
			isa = XCBuildConfiguration;
			buildSettings = {
				ASSETCATALOG_COMPILER_GLOBAL_ACCENT_COLOR_NAME = AccentColor;
				ASSETCATALOG_COMPILER_WIDGET_BACKGROUND_COLOR_NAME = WidgetBackground;
				CODE_SIGN_STYLE = Automatic;
				DEVELOPMENT_TEAM = 6257XTCRBF;
				INFOPLIST_FILE = StarWars_Clock_Widget/Info.plist;
				LD_RUNPATH_SEARCH_PATHS = (
					"$(inherited)",
					"@executable_path/Frameworks",
					"@executable_path/../../Frameworks",
				);
				PRODUCT_BUNDLE_IDENTIFIER = "com.Alphonso.Sensley.StarWars-Clock.StarWars-Clock-Widget";
				PRODUCT_NAME = "$(TARGET_NAME)";
				SKIP_INSTALL = YES;
				SWIFT_VERSION = 5.0;
				TARGETED_DEVICE_FAMILY = "1,2";
			};
			name = Release;
		};
/* End XCBuildConfiguration section */

/* Begin XCConfigurationList section */
		D012A71F25639B8F0025A74E /* Build configuration list for PBXProject "StarWars_Clock" */ = {
			isa = XCConfigurationList;
			buildConfigurations = (
				D012A73125639B920025A74E /* Debug */,
				D012A73225639B920025A74E /* Release */,
			);
			defaultConfigurationIsVisible = 0;
			defaultConfigurationName = Release;
		};
		D012A73325639B920025A74E /* Build configuration list for PBXNativeTarget "StarWars_Clock" */ = {
			isa = XCConfigurationList;
			buildConfigurations = (
				D012A73425639B920025A74E /* Debug */,
				D012A73525639B920025A74E /* Release */,
			);
			defaultConfigurationIsVisible = 0;
			defaultConfigurationName = Release;
		};
		D012A75125647CCE0025A74E /* Build configuration list for PBXNativeTarget "StarWars_Clock_WidgetExtension" */ = {
			isa = XCConfigurationList;
			buildConfigurations = (
				D012A74F25647CCE0025A74E /* Debug */,
				D012A75025647CCE0025A74E /* Release */,
			);
			defaultConfigurationIsVisible = 0;
			defaultConfigurationName = Release;
		};
/* End XCConfigurationList section */
	};
	rootObject = D012A71C25639B8F0025A74E /* Project object */;
}
